PODS:
  - HYAnimationSmallTool (0.1.2)

DEPENDENCIES:
  - HYAnimationSmallTool (from `../`)

EXTERNAL SOURCES:
  HYAnimationSmallTool:
    :path: "../"

SPEC CHECKSUMS:
  HYAnimationSmallTool: c5542c6f89e280fbc82a0425aa7a2a5291452522

PODFILE CHECKSUM: 7f95aec33aea62048e9fff88662e1f5a3da29018

COCOAPODS: 1.6.0.beta.1
