PODS:
  - HYAnimationSmallTool (0.1.1)

DEPENDENCIES:
  - HYAnimationSmallTool (from `../`)

EXTERNAL SOURCES:
  HYAnimationSmallTool:
    :path: "../"

SPEC CHECKSUMS:
  HYAnimationSmallTool: 9e8fba4c764a51ff673b3931fc4a442e790648c3

PODFILE CHECKSUM: 7f95aec33aea62048e9fff88662e1f5a3da29018

COCOAPODS: 1.5.3
